<?xml version="1.0" encoding="utf-8"?>
<Project ToolsVersion="4.0" xmlns="http://schemas.microsoft.com/developer/msbuild/2003">
  <ItemGroup>
    <Filter Include="Source Files">
      <UniqueIdentifier>{4FC737F1-C7A5-4376-A066-2A32D752A2FF}</UniqueIdentifier>
      <Extensions>cpp;c;cc;cxx;c++;cppm;ixx;def;odl;idl;hpj;bat;asm;asmx</Extensions>
    </Filter>
    <Filter Include="Header Files">
      <UniqueIdentifier>{93995380-89BD-4b04-88EB-625FBE52EBFB}</UniqueIdentifier>
      <Extensions>h;hh;hpp;hxx;h++;hm;inl;inc;ipp;xsd</Extensions>
    </Filter>
    <Filter Include="Resource Files">
      <UniqueIdentifier>{67DA6AB6-F800-4c08-8B7A-83BB121AAD01}</UniqueIdentifier>
      <Extensions>rc;ico;cur;bmp;dlg;rc2;rct;bin;rgs;gif;jpg;jpeg;jpe;resx;tiff;tif;png;wav;mfcribbon-ms</Extensions>
    </Filter>
    <Filter Include="Source Files\source">
      <UniqueIdentifier>{ac9c1a2c-b498-43c9-b8dd-18430dfe1da3}</UniqueIdentifier>
    </Filter>
    <Filter Include="Source Files\source\Lattices">
      <UniqueIdentifier>{46a8c06b-6472-4dd1-bce8-8e82c4696c46}</UniqueIdentifier>
    </Filter>
    <Filter Include="Header Files\include">
      <UniqueIdentifier>{b6e86515-ee1e-4143-a145-66fbd140c670}</UniqueIdentifier>
    </Filter>
    <Filter Include="Header Files\include\models">
      <UniqueIdentifier>{81cc70c4-169b-45c4-89fe-65b351a1acf7}</UniqueIdentifier>
    </Filter>
    <Filter Include="Header Files\source">
      <UniqueIdentifier>{fbb02f40-0eca-4911-8292-4f847505a9c2}</UniqueIdentifier>
    </Filter>
    <Filter Include="Header Files\source\Lattices">
      <UniqueIdentifier>{549cf93f-dd75-4ddf-a55c-82e99f066fa1}</UniqueIdentifier>
    </Filter>
    <Filter Include="Header Files\source\UserInterface">
      <UniqueIdentifier>{7f28158b-e987-4c7c-be8b-cb0651cefe3b}</UniqueIdentifier>
    </Filter>
    <Filter Include="Header Files\source\Include">
      <UniqueIdentifier>{704c53cc-d63b-48bf-9f68-e0dcd074df76}</UniqueIdentifier>
    </Filter>
    <Filter Include="Header Files\include\UserInterface">
      <UniqueIdentifier>{32a8215c-28e3-44fa-8103-aac3d52f3757}</UniqueIdentifier>
    </Filter>
    <Filter Include="Header Files\include\algebra">
      <UniqueIdentifier>{5f00b356-bec0-4bbb-a646-41faa3b515f9}</UniqueIdentifier>
    </Filter>
    <Filter Include="Header Files\include\NQS">
      <UniqueIdentifier>{17d6f153-bf96-4b25-8c29-081a31a1b337}</UniqueIdentifier>
    </Filter>
  </ItemGroup>
  <ItemGroup>
    <ClInclude Include="include\models\ising.h">
      <Filter>Header Files\include\models</Filter>
    </ClInclude>
    <ClInclude Include="include\models\heisenberg.h">
      <Filter>Header Files\include\models</Filter>
    </ClInclude>
    <ClInclude Include="include\models\heisenberg_dots.h">
      <Filter>Header Files\include\models</Filter>
    </ClInclude>
    <ClInclude Include="include\models\heisenberg-kitaev.h">
      <Filter>Header Files\include\models</Filter>
    </ClInclude>
    <ClInclude Include="include\user_interface\user_interface.h">
      <Filter>Header Files\include\UserInterface</Filter>
    </ClInclude>
    <ClInclude Include="include\hamil.h">
      <Filter>Header Files\include</Filter>
    </ClInclude>
    <ClInclude Include="include\ml.h">
      <Filter>Header Files\include</Filter>
    </ClInclude>
    <ClInclude Include="include\rbm.h">
      <Filter>Header Files\include</Filter>
    </ClInclude>
    <ClInclude Include="source\src\Lattices\hexagonal.h">
      <Filter>Header Files\source\Lattices</Filter>
    </ClInclude>
    <ClInclude Include="source\src\Lattices\square.h">
      <Filter>Header Files\source\Lattices</Filter>
    </ClInclude>
    <ClInclude Include="include\models\XYZ.h">
      <Filter>Header Files\include\models</Filter>
    </ClInclude>
    <ClInclude Include="source\src\UserInterface\ui.h">
      <Filter>Header Files\source\UserInterface</Filter>
    </ClInclude>
    <ClInclude Include="source\src\Include\directories.h">
      <Filter>Header Files\source\Include</Filter>
    </ClInclude>
    <ClInclude Include="source\src\Include\files.h">
      <Filter>Header Files\source\Include</Filter>
    </ClInclude>
    <ClInclude Include="source\src\Include\math.h">
      <Filter>Header Files\source\Include</Filter>
    </ClInclude>
    <ClInclude Include="source\src\Include\random.h">
      <Filter>Header Files\source\Include</Filter>
    </ClInclude>
    <ClInclude Include="source\src\Include\statistical.h">
      <Filter>Header Files\source\Include</Filter>
    </ClInclude>
    <ClInclude Include="source\src\Include\str.h">
      <Filter>Header Files\source\Include</Filter>
    </ClInclude>
    <ClInclude Include="source\src\binary.h">
      <Filter>Header Files\source</Filter>
    </ClInclude>
    <ClInclude Include="source\src\common.h">
      <Filter>Header Files\source</Filter>
    </ClInclude>
    <ClInclude Include="source\src\lattices.h">
      <Filter>Header Files\source</Filter>
    </ClInclude>
    <ClInclude Include="source\src\lin_alg.h">
      <Filter>Header Files\source</Filter>
    </ClInclude>
    <ClInclude Include="source\src\xoshiro_pp.h">
      <Filter>Header Files\source</Filter>
    </ClInclude>
    <ClInclude Include="source\src\plotter.h">
      <Filter>Header Files\source</Filter>
    </ClInclude>
    <ClInclude Include="include\hilbert_sym.h">
      <Filter>Header Files\include</Filter>
    </ClInclude>
    <ClInclude Include="include\algebra\operator_algebra.h">
      <Filter>Header Files\include\algebra</Filter>
    </ClInclude>
    <ClInclude Include="include\algebra\hilbert.h">
      <Filter>Header Files\include\algebra</Filter>
    </ClInclude>
    <ClInclude Include="include\algebra\global_symmetries.h">
      <Filter>Header Files\include\algebra</Filter>
    </ClInclude>
    <ClInclude Include="include\algebra\operators.h">
      <Filter>Header Files\include\algebra</Filter>
    </ClInclude>
    <ClInclude Include="include\algebra\general_operator.h">
      <Filter>Header Files\include\algebra</Filter>
    </ClInclude>
    <ClInclude Include="source\src\flog.h">
      <Filter>Header Files\source</Filter>
    </ClInclude>
    <ClInclude Include="source\src\Include\signatures.h">
      <Filter>Header Files\source\Include</Filter>
    </ClInclude>
    <ClInclude Include="source\src\Include\time.h">
      <Filter>Header Files\source\Include</Filter>
    </ClInclude>
    <ClInclude Include="source\src\Include\exceptions.h">
      <Filter>Header Files\source\Include</Filter>
    </ClInclude>
    <ClInclude Include="include\nqs.h">
      <Filter>Header Files\include</Filter>
    </ClInclude>
    <ClInclude Include="include\NQS\rbm.h">
      <Filter>Header Files\include\NQS</Filter>
    </ClInclude>
  </ItemGroup>
  <ItemGroup>
    <ClCompile Include="main.cpp">
      <Filter>Source Files</Filter>
    </ClCompile>
    <ClCompile Include="user_interface.cpp">
      <Filter>Source Files</Filter>
    </ClCompile>
    <ClCompile Include="source\cpp\Lattices\square.cpp">
      <Filter>Source Files\source\Lattices</Filter>
    </ClCompile>
    <ClCompile Include="source\cpp\Lattices\hexagonal.cpp">
      <Filter>Source Files\source\Lattices</Filter>
    </ClCompile>
    <ClCompile Include="source\cpp\str.cpp">
      <Filter>Source Files\source</Filter>
    </ClCompile>
    <ClCompile Include="source\cpp\common.cpp">
      <Filter>Source Files\source</Filter>
    </ClCompile>
    <ClCompile Include="operators.cpp">
      <Filter>Source Files</Filter>
    </ClCompile>
    <ClCompile Include="source\cpp\ui.cpp">
      <Filter>Source Files</Filter>
    </ClCompile>
    <ClCompile Include="source\cpp\directories.cpp">
      <Filter>Source Files\source</Filter>
    </ClCompile>
    <ClCompile Include="source\cpp\exceptions.cpp">
      <Filter>Source Files\source</Filter>
    </ClCompile>
  </ItemGroup>
  <ItemGroup>
    <None Include="cpp.hint" />
  </ItemGroup>
</Project>